// !$*UTF8*$!
{
	archiveVersion = 1;
	classes = {
	};
	objectVersion = 50;
	objects = {

/* Begin PBXBuildFile section */
		BA0144B622FA65AF00B24B3B /* AppDelegate.swift in Sources */ = {isa = PBXBuildFile; fileRef = BA0144B522FA65AF00B24B3B /* AppDelegate.swift */; };
		BA0144B822FA65AF00B24B3B /* ViewController.swift in Sources */ = {isa = PBXBuildFile; fileRef = BA0144B722FA65AF00B24B3B /* ViewController.swift */; };
		BA0144BD22FA65B300B24B3B /* Assets.xcassets in Resources */ = {isa = PBXBuildFile; fileRef = BA0144BC22FA65B300B24B3B /* Assets.xcassets */; };
		BA0144C022FA65B300B24B3B /* LaunchScreen.storyboard in Resources */ = {isa = PBXBuildFile; fileRef = BA0144BE22FA65B300B24B3B /* LaunchScreen.storyboard */; };
		BA0144CF22FA678500B24B3B /* TaskModel.swift in Sources */ = {isa = PBXBuildFile; fileRef = BA0144CE22FA678500B24B3B /* TaskModel.swift */; };
		BA0144D222FA9B8200B24B3B /* ListTableViewCell.swift in Sources */ = {isa = PBXBuildFile; fileRef = BA0144D022FA9B8200B24B3B /* ListTableViewCell.swift */; };
		BA0144D322FA9B8200B24B3B /* ListTableViewCell.xib in Resources */ = {isa = PBXBuildFile; fileRef = BA0144D122FA9B8200B24B3B /* ListTableViewCell.xib */; };
		BA7FEE6122FAD605004EC03A /* Main.storyboard in Resources */ = {isa = PBXBuildFile; fileRef = BA7FEE5F22FAD604004EC03A /* Main.storyboard */; };
/* End PBXBuildFile section */

/* Begin PBXFileReference section */
		BA0144B222FA65AF00B24B3B /* TodoList.app */ = {isa = PBXFileReference; explicitFileType = wrapper.application; includeInIndex = 0; path = TodoList.app; sourceTree = BUILT_PRODUCTS_DIR; };
		BA0144B522FA65AF00B24B3B /* AppDelegate.swift */ = {isa = PBXFileReference; lastKnownFileType = sourcecode.swift; path = AppDelegate.swift; sourceTree = "<group>"; };
		BA0144B722FA65AF00B24B3B /* ViewController.swift */ = {isa = PBXFileReference; lastKnownFileType = sourcecode.swift; path = ViewController.swift; sourceTree = "<group>"; };
		BA0144BC22FA65B300B24B3B /* Assets.xcassets */ = {isa = PBXFileReference; lastKnownFileType = folder.assetcatalog; path = Assets.xcassets; sourceTree = "<group>"; };
		BA0144BF22FA65B300B24B3B /* Base */ = {isa = PBXFileReference; lastKnownFileType = file.storyboard; name = Base; path = Base.lproj/LaunchScreen.storyboard; sourceTree = "<group>"; };
		BA0144C122FA65B300B24B3B /* Info.plist */ = {isa = PBXFileReference; lastKnownFileType = text.plist.xml; path = Info.plist; sourceTree = "<group>"; };
		BA0144CE22FA678500B24B3B /* TaskModel.swift */ = {isa = PBXFileReference; lastKnownFileType = sourcecode.swift; path = TaskModel.swift; sourceTree = "<group>"; };
		BA0144D022FA9B8200B24B3B /* ListTableViewCell.swift */ = {isa = PBXFileReference; lastKnownFileType = sourcecode.swift; path = ListTableViewCell.swift; sourceTree = "<group>"; };
		BA0144D122FA9B8200B24B3B /* ListTableViewCell.xib */ = {isa = PBXFileReference; lastKnownFileType = file.xib; path = ListTableViewCell.xib; sourceTree = "<group>"; };
		BA7FEE6022FAD604004EC03A /* Base */ = {isa = PBXFileReference; lastKnownFileType = file.storyboard; name = Base; path = Base.lproj/Main.storyboard; sourceTree = "<group>"; };
/* End PBXFileReference section */

/* Begin PBXFrameworksBuildPhase section */
		BA0144AF22FA65AF00B24B3B /* Frameworks */ = {
			isa = PBXFrameworksBuildPhase;
			buildActionMask = 2147483647;
			files = (
			);
			runOnlyForDeploymentPostprocessing = 0;
		};
/* End PBXFrameworksBuildPhase section */

/* Begin PBXGroup section */
		BA0144A922FA65AF00B24B3B = {
			isa = PBXGroup;
			children = (
				BA0144B422FA65AF00B24B3B /* TodoList */,
				BA0144B322FA65AF00B24B3B /* Products */,
			);
			sourceTree = "<group>";
		};
		BA0144B322FA65AF00B24B3B /* Products */ = {
			isa = PBXGroup;
			children = (
				BA0144B222FA65AF00B24B3B /* TodoList.app */,
			);
			name = Products;
			sourceTree = "<group>";
		};
		BA0144B422FA65AF00B24B3B /* TodoList */ = {
			isa = PBXGroup;
			children = (
				BA0144B522FA65AF00B24B3B /* AppDelegate.swift */,
				BA7FEE5F22FAD604004EC03A /* Main.storyboard */,
				BA0144C722FA65D500B24B3B /* Controller */,
				BA0144C822FA65EC00B24B3B /* View */,
				BA0144C922FA65F300B24B3B /* Model */,
				BA0144BC22FA65B300B24B3B /* Assets.xcassets */,
				BA0144BE22FA65B300B24B3B /* LaunchScreen.storyboard */,
				BA0144C122FA65B300B24B3B /* Info.plist */,
			);
			path = TodoList;
			sourceTree = "<group>";
		};
		BA0144C722FA65D500B24B3B /* Controller */ = {
			isa = PBXGroup;
			children = (
				BA0144B722FA65AF00B24B3B /* ViewController.swift */,
			);
			path = Controller;
			sourceTree = "<group>";
		};
		BA0144C822FA65EC00B24B3B /* View */ = {
			isa = PBXGroup;
			children = (
				BA0144D022FA9B8200B24B3B /* ListTableViewCell.swift */,
				BA0144D122FA9B8200B24B3B /* ListTableViewCell.xib */,
			);
			path = View;
			sourceTree = "<group>";
		};
		BA0144C922FA65F300B24B3B /* Model */ = {
			isa = PBXGroup;
			children = (
				BA0144CE22FA678500B24B3B /* TaskModel.swift */,
			);
			path = Model;
			sourceTree = "<group>";
		};
/* End PBXGroup section */

/* Begin PBXNativeTarget section */
		BA0144B122FA65AF00B24B3B /* TodoList */ = {
			isa = PBXNativeTarget;
			buildConfigurationList = BA0144C422FA65B300B24B3B /* Build configuration list for PBXNativeTarget "TodoList" */;
			buildPhases = (
				BA0144AE22FA65AF00B24B3B /* Sources */,
				BA0144AF22FA65AF00B24B3B /* Frameworks */,
				BA0144B022FA65AF00B24B3B /* Resources */,
			);
			buildRules = (
			);
			dependencies = (
			);
			name = TodoList;
			productName = TodoList;
			productReference = BA0144B222FA65AF00B24B3B /* TodoList.app */;
			productType = "com.apple.product-type.application";
		};
/* End PBXNativeTarget section */

/* Begin PBXProject section */
		BA0144AA22FA65AF00B24B3B /* Project object */ = {
			isa = PBXProject;
			attributes = {
				LastSwiftUpdateCheck = 1030;
				LastUpgradeCheck = 1030;
				ORGANIZATIONNAME = Henry;
				TargetAttributes = {
					BA0144B122FA65AF00B24B3B = {
						CreatedOnToolsVersion = 10.3;
					};
				};
			};
			buildConfigurationList = BA0144AD22FA65AF00B24B3B /* Build configuration list for PBXProject "TodoList" */;
			compatibilityVersion = "Xcode 9.3";
			developmentRegion = en;
			hasScannedForEncodings = 0;
			knownRegions = (
				en,
				Base,
			);
			mainGroup = BA0144A922FA65AF00B24B3B;
			productRefGroup = BA0144B322FA65AF00B24B3B /* Products */;
			projectDirPath = "";
			projectRoot = "";
			targets = (
				BA0144B122FA65AF00B24B3B /* TodoList */,
			);
		};
/* End PBXProject section */

/* Begin PBXResourcesBuildPhase section */
		BA0144B022FA65AF00B24B3B /* Resources */ = {
			isa = PBXResourcesBuildPhase;
			buildActionMask = 2147483647;
			files = (
				BA0144C022FA65B300B24B3B /* LaunchScreen.storyboard in Resources */,
				BA0144D322FA9B8200B24B3B /* ListTableViewCell.xib in Resources */,
				BA0144BD22FA65B300B24B3B /* Assets.xcassets in Resources */,
				BA7FEE6122FAD605004EC03A /* Main.storyboard in Resources */,
			);
			runOnlyForDeploymentPostprocessing = 0;
		};
/* End PBXResourcesBuildPhase section */

/* Begin PBXSourcesBuildPhase section */
		BA0144AE22FA65AF00B24B3B /* Sources */ = {
			isa = PBXSourcesBuildPhase;
			buildActionMask = 2147483647;
			files = (
				BA0144B822FA65AF00B24B3B /* ViewController.swift in Sources */,
				BA0144D222FA9B8200B24B3B /* ListTableViewCell.swift in Sources */,
				BA0144B622FA65AF00B24B3B /* AppDelegate.swift in Sources */,
				BA0144CF22FA678500B24B3B /* TaskModel.swift in Sources */,
			);
			runOnlyForDeploymentPostprocessing = 0;
		};
/* End PBXSourcesBuildPhase section */

/* Begin PBXVariantGroup section */
		BA0144BE22FA65B300B24B3B /* LaunchScreen.storyboard */ = {
			isa = PBXVariantGroup;
			children = (
				BA0144BF22FA65B300B24B3B /* Base */,
			);
			name = LaunchScreen.storyboard;
			sourceTree = "<group>";
		};
		BA7FEE5F22FAD604004EC03A /* Main.storyboard */ = {
			isa = PBXVariantGroup;
			children = (
				BA7FEE6022FAD604004EC03A /* Base */,
			);
			name = Main.storyboard;
			sourceTree = "<group>";
		};
/* End PBXVariantGroup section */

/* Begin XCBuildConfiguration section */
		BA0144C222FA65B300B24B3B /* Debug */ = {
			isa = XCBuildConfiguration;
			buildSettings = {
				ALWAYS_SEARCH_USER_PATHS = NO;
				CLANG_ANALYZER_NONNULL = YES;
				CLANG_ANALYZER_NUMBER_OBJECT_CONVERSION = YES_AGGRESSIVE;
				CLANG_CXX_LANGUAGE_STANDARD = "gnu++14";
				CLANG_CXX_LIBRARY = "libc++";
				CLANG_ENABLE_MODULES = YES;
				CLANG_ENABLE_OBJC_ARC = YES;
				CLANG_ENABLE_OBJC_WEAK = YES;
				CLANG_WARN_BLOCK_CAPTURE_AUTORELEASING = YES;
				CLANG_WARN_BOOL_CONVERSION = YES;
				CLANG_WARN_COMMA = YES;
				CLANG_WARN_CONSTANT_CONVERSION = YES;
				CLANG_WARN_DEPRECATED_OBJC_IMPLEMENTATIONS = YES;
				CLANG_WARN_DIRECT_OBJC_ISA_USAGE = YES_ERROR;
				CLANG_WARN_DOCUMENTATION_COMMENTS = YES;
				CLANG_WARN_EMPTY_BODY = YES;
				CLANG_WARN_ENUM_CONVERSION = YES;
				CLANG_WARN_INFINITE_RECURSION = YES;
				CLANG_WARN_INT_CONVERSION = YES;
				CLANG_WARN_NON_LITERAL_NULL_CONVERSION = YES;
				CLANG_WARN_OBJC_IMPLICIT_RETAIN_SELF = YES;
				CLANG_WARN_OBJC_LITERAL_CONVERSION = YES;
				CLANG_WARN_OBJC_ROOT_CLASS = YES_ERROR;
				CLANG_WARN_RANGE_LOOP_ANALYSIS = YES;
				CLANG_WARN_STRICT_PROTOTYPES = YES;
				CLANG_WARN_SUSPICIOUS_MOVE = YES;
				CLANG_WARN_UNGUARDED_AVAILABILITY = YES_AGGRESSIVE;
				CLANG_WARN_UNREACHABLE_CODE = YES;
				CLANG_WARN__DUPLICATE_METHOD_MATCH = YES;
				CODE_SIGN_IDENTITY = "iPhone Developer";
				COPY_PHASE_STRIP = NO;
				DEBUG_INFORMATION_FORMAT = dwarf;
				ENABLE_STRICT_OBJC_MSGSEND = YES;
				ENABLE_TESTABILITY = YES;
				GCC_C_LANGUAGE_STANDARD = gnu11;
				GCC_DYNAMIC_NO_PIC = NO;
				GCC_NO_COMMON_BLOCKS = YES;
				GCC_OPTIMIZATION_LEVEL = 0;
				GCC_PREPROCESSOR_DEFINITIONS = (
					"DEBUG=1",
					"$(inherited)",
				);
				GCC_WARN_64_TO_32_BIT_CONVERSION = YES;
				GCC_WARN_ABOUT_RETURN_TYPE = YES_ERROR;
				GCC_WARN_UNDECLARED_SELECTOR = YES;
				GCC_WARN_UNINITIALIZED_AUTOS = YES_AGGRESSIVE;
				GCC_WARN_UNUSED_FUNCTION = YES;
				GCC_WARN_UNUSED_VARIABLE = YES;
				IPHONEOS_DEPLOYMENT_TARGET = 12.4;
				MTL_ENABLE_DEBUG_INFO = INCLUDE_SOURCE;
				MTL_FAST_MATH = YES;
				ONLY_ACTIVE_ARCH = YES;
				SDKROOT = iphoneos;
				SWIFT_ACTIVE_COMPILATION_CONDITIONS = DEBUG;
				SWIFT_OPTIMIZATION_LEVEL = "-Onone";
			};
			name = Debug;
		};
		BA0144C322FA65B300B24B3B /* Release */ = {
			isa = XCBuildConfiguration;
			buildSettings = {
				ALWAYS_SEARCH_USER_PATHS = NO;
				CLANG_ANALYZER_NONNULL = YES;
				CLANG_ANALYZER_NUMBER_OBJECT_CONVERSION = YES_AGGRESSIVE;
				CLANG_CXX_LANGUAGE_STANDARD = "gnu++14";
				CLANG_CXX_LIBRARY = "libc++";
				CLANG_ENABLE_MODULES = YES;
				CLANG_ENABLE_OBJC_ARC = YES;
				CLANG_ENABLE_OBJC_WEAK = YES;
				CLANG_WARN_BLOCK_CAPTURE_AUTORELEASING = YES;
				CLANG_WARN_BOOL_CONVERSION = YES;
				CLANG_WARN_COMMA = YES;
				CLANG_WARN_CONSTANT_CONVERSION = YES;
				CLANG_WARN_DEPRECATED_OBJC_IMPLEMENTATIONS = YES;
				CLANG_WARN_DIRECT_OBJC_ISA_USAGE = YES_ERROR;
				CLANG_WARN_DOCUMENTATION_COMMENTS = YES;
				CLANG_WARN_EMPTY_BODY = YES;
				CLANG_WARN_ENUM_CONVERSION = YES;
				CLANG_WARN_INFINITE_RECURSION = YES;
				CLANG_WARN_INT_CONVERSION = YES;
				CLANG_WARN_NON_LITERAL_NULL_CONVERSION = YES;
				CLANG_WARN_OBJC_IMPLICIT_RETAIN_SELF = YES;
				CLANG_WARN_OBJC_LITERAL_CONVERSION = YES;
				CLANG_WARN_OBJC_ROOT_CLASS = YES_ERROR;
				CLANG_WARN_RANGE_LOOP_ANALYSIS = YES;
				CLANG_WARN_STRICT_PROTOTYPES = YES;
				CLANG_WARN_SUSPICIOUS_MOVE = YES;
				CLANG_WARN_UNGUARDED_AVAILABILITY = YES_AGGRESSIVE;
				CLANG_WARN_UNREACHABLE_CODE = YES;
				CLANG_WARN__DUPLICATE_METHOD_MATCH = YES;
				CODE_SIGN_IDENTITY = "iPhone Developer";
				COPY_PHASE_STRIP = NO;
				DEBUG_INFORMATION_FORMAT = "dwarf-with-dsym";
				ENABLE_NS_ASSERTIONS = NO;
				ENABLE_STRICT_OBJC_MSGSEND = YES;
				GCC_C_LANGUAGE_STANDARD = gnu11;
				GCC_NO_COMMON_BLOCKS = YES;
				GCC_WARN_64_TO_32_BIT_CONVERSION = YES;
				GCC_WARN_ABOUT_RETURN_TYPE = YES_ERROR;
				GCC_WARN_UNDECLARED_SELECTOR = YES;
				GCC_WARN_UNINITIALIZED_AUTOS = YES_AGGRESSIVE;
				GCC_WARN_UNUSED_FUNCTION = YES;
				GCC_WARN_UNUSED_VARIABLE = YES;
				IPHONEOS_DEPLOYMENT_TARGET = 12.4;
				MTL_ENABLE_DEBUG_INFO = NO;
				MTL_FAST_MATH = YES;
				SDKROOT = iphoneos;
				SWIFT_COMPILATION_MODE = wholemodule;
				SWIFT_OPTIMIZATION_LEVEL = "-O";
				VALIDATE_PRODUCT = YES;
			};
			name = Release;
		};
		BA0144C522FA65B300B24B3B /* Debug */ = {
			isa = XCBuildConfiguration;
			buildSettings = {
				ASSETCATALOG_COMPILER_APPICON_NAME = AppIcon;
				CODE_SIGN_STYLE = Automatic;
				DEVELOPMENT_TEAM = 8SUY8A23MC;
				INFOPLIST_FILE = TodoList/Info.plist;
				LD_RUNPATH_SEARCH_PATHS = (
					"$(inherited)",
					"@executable_path/Frameworks",
				);
				PRODUCT_BUNDLE_IDENTIFIER = com.henry.TodoList;
				PRODUCT_NAME = "$(TARGET_NAME)";
				SWIFT_VERSION = 5.0;
				TARGETED_DEVICE_FAMILY = "1,2";
			};
			name = Debug;
		};
		BA0144C622FA65B300B24B3B /* Release */ = {
			isa = XCBuildConfiguration;
			buildSettings = {
				ASSETCATALOG_COMPILER_APPICON_NAME = AppIcon;
				CODE_SIGN_STYLE = Automatic;
				DEVELOPMENT_TEAM = 8SUY8A23MC;
				INFOPLIST_FILE = TodoList/Info.plist;
				LD_RUNPATH_SEARCH_PATHS = (
					"$(inherited)",
					"@executable_path/Frameworks",
				);
				PRODUCT_BUNDLE_IDENTIFIER = com.henry.TodoList;
				PRODUCT_NAME = "$(TARGET_NAME)";
				SWIFT_VERSION = 5.0;
				TARGETED_DEVICE_FAMILY = "1,2";
			};
			name = Release;
		};
/* End XCBuildConfiguration section */

/* Begin XCConfigurationList section */
		BA0144AD22FA65AF00B24B3B /* Build configuration list for PBXProject "TodoList" */ = {
			isa = XCConfigurationList;
			buildConfigurations = (
				BA0144C222FA65B300B24B3B /* Debug */,
				BA0144C322FA65B300B24B3B /* Release */,
			);
			defaultConfigurationIsVisible = 0;
			defaultConfigurationName = Release;
		};
		BA0144C422FA65B300B24B3B /* Build configuration list for PBXNativeTarget "TodoList" */ = {
			isa = XCConfigurationList;
			buildConfigurations = (
				BA0144C522FA65B300B24B3B /* Debug */,
				BA0144C622FA65B300B24B3B /* Release */,
			);
			defaultConfigurationIsVisible = 0;
			defaultConfigurationName = Release;
		};
/* End XCConfigurationList section */
	};
	rootObject = BA0144AA22FA65AF00B24B3B /* Project object */;
}
